// !$*UTF8*$!
{
	archiveVersion = 1;
	classes = {
	};
	objectVersion = 50;
	objects = {

/* Begin PBXBuildFile section */
		59A1158022B2C84800D66517 /* AppDelegate.swift in Sources */ = {isa = PBXBuildFile; fileRef = 59A1157F22B2C84800D66517 /* AppDelegate.swift */; };
		59A1158222B2C84800D66517 /* SceneDelegate.swift in Sources */ = {isa = PBXBuildFile; fileRef = 59A1158122B2C84800D66517 /* SceneDelegate.swift */; };
		59A1158422B2C84800D66517 /* ContentView.swift in Sources */ = {isa = PBXBuildFile; fileRef = 59A1158322B2C84800D66517 /* ContentView.swift */; };
		59A1158622B2C84900D66517 /* Assets.xcassets in Resources */ = {isa = PBXBuildFile; fileRef = 59A1158522B2C84900D66517 /* Assets.xcassets */; };
		59A1158922B2C84A00D66517 /* Preview Assets.xcassets in Resources */ = {isa = PBXBuildFile; fileRef = 59A1158822B2C84A00D66517 /* Preview Assets.xcassets */; };
		59A1158C22B2C84A00D66517 /* LaunchScreen.storyboard in Resources */ = {isa = PBXBuildFile; fileRef = 59A1158A22B2C84A00D66517 /* LaunchScreen.storyboard */; };
		59A1159422B2C90500D66517 /* NetworkManager.swift in Sources */ = {isa = PBXBuildFile; fileRef = 59A1159322B2C90500D66517 /* NetworkManager.swift */; };
		59A1159722B2CA6000D66517 /* Movie.swift in Sources */ = {isa = PBXBuildFile; fileRef = 59A1159622B2CA6000D66517 /* Movie.swift */; };
		59A1159922B2CAE300D66517 /* Configuration.swift in Sources */ = {isa = PBXBuildFile; fileRef = 59A1159822B2CAE300D66517 /* Configuration.swift */; };
		59A1159B22B2CC8300D66517 /* File.swift in Sources */ = {isa = PBXBuildFile; fileRef = 59A1159A22B2CC8300D66517 /* File.swift */; };
		59A1159E22B2DEC000D66517 /* MovieRowView.swift in Sources */ = {isa = PBXBuildFile; fileRef = 59A1159D22B2DEC000D66517 /* MovieRowView.swift */; };
/* End PBXBuildFile section */

/* Begin PBXFileReference section */
		59A1157C22B2C84700D66517 /* MovieDB.app */ = {isa = PBXFileReference; explicitFileType = wrapper.application; includeInIndex = 0; path = MovieDB.app; sourceTree = BUILT_PRODUCTS_DIR; };
		59A1157F22B2C84800D66517 /* AppDelegate.swift */ = {isa = PBXFileReference; lastKnownFileType = sourcecode.swift; path = AppDelegate.swift; sourceTree = "<group>"; };
		59A1158122B2C84800D66517 /* SceneDelegate.swift */ = {isa = PBXFileReference; lastKnownFileType = sourcecode.swift; path = SceneDelegate.swift; sourceTree = "<group>"; };
		59A1158322B2C84800D66517 /* ContentView.swift */ = {isa = PBXFileReference; lastKnownFileType = sourcecode.swift; path = ContentView.swift; sourceTree = "<group>"; };
		59A1158522B2C84900D66517 /* Assets.xcassets */ = {isa = PBXFileReference; lastKnownFileType = folder.assetcatalog; path = Assets.xcassets; sourceTree = "<group>"; };
		59A1158822B2C84A00D66517 /* Preview Assets.xcassets */ = {isa = PBXFileReference; lastKnownFileType = folder.assetcatalog; path = "Preview Assets.xcassets"; sourceTree = "<group>"; };
		59A1158B22B2C84A00D66517 /* Base */ = {isa = PBXFileReference; lastKnownFileType = file.storyboard; name = Base; path = Base.lproj/LaunchScreen.storyboard; sourceTree = "<group>"; };
		59A1158D22B2C84A00D66517 /* Info.plist */ = {isa = PBXFileReference; lastKnownFileType = text.plist.xml; path = Info.plist; sourceTree = "<group>"; };
		59A1159322B2C90500D66517 /* NetworkManager.swift */ = {isa = PBXFileReference; lastKnownFileType = sourcecode.swift; path = NetworkManager.swift; sourceTree = "<group>"; };
		59A1159622B2CA6000D66517 /* Movie.swift */ = {isa = PBXFileReference; lastKnownFileType = sourcecode.swift; path = Movie.swift; sourceTree = "<group>"; };
		59A1159822B2CAE300D66517 /* Configuration.swift */ = {isa = PBXFileReference; lastKnownFileType = sourcecode.swift; path = Configuration.swift; sourceTree = "<group>"; };
		59A1159A22B2CC8300D66517 /* File.swift */ = {isa = PBXFileReference; lastKnownFileType = sourcecode.swift; path = File.swift; sourceTree = "<group>"; };
		59A1159D22B2DEC000D66517 /* MovieRowView.swift */ = {isa = PBXFileReference; lastKnownFileType = sourcecode.swift; path = MovieRowView.swift; sourceTree = "<group>"; };
/* End PBXFileReference section */

/* Begin PBXFrameworksBuildPhase section */
		59A1157922B2C84700D66517 /* Frameworks */ = {
			isa = PBXFrameworksBuildPhase;
			buildActionMask = 2147483647;
			files = (
			);
			runOnlyForDeploymentPostprocessing = 0;
		};
/* End PBXFrameworksBuildPhase section */

/* Begin PBXGroup section */
		59A1157322B2C84700D66517 = {
			isa = PBXGroup;
			children = (
				59A1157E22B2C84700D66517 /* MovieDB */,
				59A1157D22B2C84700D66517 /* Products */,
			);
			sourceTree = "<group>";
		};
		59A1157D22B2C84700D66517 /* Products */ = {
			isa = PBXGroup;
			children = (
				59A1157C22B2C84700D66517 /* MovieDB.app */,
			);
			name = Products;
			sourceTree = "<group>";
		};
		59A1157E22B2C84700D66517 /* MovieDB */ = {
			isa = PBXGroup;
			children = (
				59A1159C22B2DE9900D66517 /* Views */,
				59A1159522B2CA4900D66517 /* Models */,
				59A1157F22B2C84800D66517 /* AppDelegate.swift */,
				59A1158122B2C84800D66517 /* SceneDelegate.swift */,
				59A1158322B2C84800D66517 /* ContentView.swift */,
				59A1158522B2C84900D66517 /* Assets.xcassets */,
				59A1158A22B2C84A00D66517 /* LaunchScreen.storyboard */,
				59A1158D22B2C84A00D66517 /* Info.plist */,
				59A1158722B2C84A00D66517 /* Preview Content */,
				59A1159322B2C90500D66517 /* NetworkManager.swift */,
				59A1159822B2CAE300D66517 /* Configuration.swift */,
				59A1159A22B2CC8300D66517 /* File.swift */,
			);
			path = MovieDB;
			sourceTree = "<group>";
		};
		59A1158722B2C84A00D66517 /* Preview Content */ = {
			isa = PBXGroup;
			children = (
				59A1158822B2C84A00D66517 /* Preview Assets.xcassets */,
			);
			path = "Preview Content";
			sourceTree = "<group>";
		};
		59A1159522B2CA4900D66517 /* Models */ = {
			isa = PBXGroup;
			children = (
				59A1159622B2CA6000D66517 /* Movie.swift */,
			);
			path = Models;
			sourceTree = "<group>";
		};
		59A1159C22B2DE9900D66517 /* Views */ = {
			isa = PBXGroup;
			children = (
				59A1159D22B2DEC000D66517 /* MovieRowView.swift */,
			);
			path = Views;
			sourceTree = "<group>";
		};
/* End PBXGroup section */

/* Begin PBXNativeTarget section */
		59A1157B22B2C84700D66517 /* MovieDB */ = {
			isa = PBXNativeTarget;
			buildConfigurationList = 59A1159022B2C84B00D66517 /* Build configuration list for PBXNativeTarget "MovieDB" */;
			buildPhases = (
				59A1157822B2C84700D66517 /* Sources */,
				59A1157922B2C84700D66517 /* Frameworks */,
				59A1157A22B2C84700D66517 /* Resources */,
			);
			buildRules = (
			);
			dependencies = (
			);
			name = MovieDB;
			productName = MovieDB;
			productReference = 59A1157C22B2C84700D66517 /* MovieDB.app */;
			productType = "com.apple.product-type.application";
		};
/* End PBXNativeTarget section */

/* Begin PBXProject section */
		59A1157422B2C84700D66517 /* Project object */ = {
			isa = PBXProject;
			attributes = {
				LastSwiftUpdateCheck = 1100;
				LastUpgradeCheck = 1100;
				ORGANIZATIONNAME = "Javier Angel Varela Cebey";
				TargetAttributes = {
					59A1157B22B2C84700D66517 = {
						CreatedOnToolsVersion = 11.0;
					};
				};
			};
			buildConfigurationList = 59A1157722B2C84700D66517 /* Build configuration list for PBXProject "MovieDB" */;
			compatibilityVersion = "Xcode 9.3";
			developmentRegion = en;
			hasScannedForEncodings = 0;
			knownRegions = (
				en,
				Base,
			);
			mainGroup = 59A1157322B2C84700D66517;
			productRefGroup = 59A1157D22B2C84700D66517 /* Products */;
			projectDirPath = "";
			projectRoot = "";
			targets = (
				59A1157B22B2C84700D66517 /* MovieDB */,
			);
		};
/* End PBXProject section */

/* Begin PBXResourcesBuildPhase section */
		59A1157A22B2C84700D66517 /* Resources */ = {
			isa = PBXResourcesBuildPhase;
			buildActionMask = 2147483647;
			files = (
				59A1158C22B2C84A00D66517 /* LaunchScreen.storyboard in Resources */,
				59A1158922B2C84A00D66517 /* Preview Assets.xcassets in Resources */,
				59A1158622B2C84900D66517 /* Assets.xcassets in Resources */,
			);
			runOnlyForDeploymentPostprocessing = 0;
		};
/* End PBXResourcesBuildPhase section */

/* Begin PBXSourcesBuildPhase section */
		59A1157822B2C84700D66517 /* Sources */ = {
			isa = PBXSourcesBuildPhase;
			buildActionMask = 2147483647;
			files = (
				59A1159E22B2DEC000D66517 /* MovieRowView.swift in Sources */,
				59A1159922B2CAE300D66517 /* Configuration.swift in Sources */,
				59A1158022B2C84800D66517 /* AppDelegate.swift in Sources */,
				59A1159B22B2CC8300D66517 /* File.swift in Sources */,
				59A1159422B2C90500D66517 /* NetworkManager.swift in Sources */,
				59A1158222B2C84800D66517 /* SceneDelegate.swift in Sources */,
				59A1158422B2C84800D66517 /* ContentView.swift in Sources */,
				59A1159722B2CA6000D66517 /* Movie.swift in Sources */,
			);
			runOnlyForDeploymentPostprocessing = 0;
		};
/* End PBXSourcesBuildPhase section */

/* Begin PBXVariantGroup section */
		59A1158A22B2C84A00D66517 /* LaunchScreen.storyboard */ = {
			isa = PBXVariantGroup;
			children = (
				59A1158B22B2C84A00D66517 /* Base */,
			);
			name = LaunchScreen.storyboard;
			sourceTree = "<group>";
		};
/* End PBXVariantGroup section */

/* Begin XCBuildConfiguration section */
		59A1158E22B2C84B00D66517 /* Debug */ = {
			isa = XCBuildConfiguration;
			buildSettings = {
				ALWAYS_SEARCH_USER_PATHS = NO;
				CLANG_ANALYZER_NONNULL = YES;
				CLANG_ANALYZER_NUMBER_OBJECT_CONVERSION = YES_AGGRESSIVE;
				CLANG_CXX_LANGUAGE_STANDARD = "gnu++14";
				CLANG_CXX_LIBRARY = "libc++";
				CLANG_ENABLE_MODULES = YES;
				CLANG_ENABLE_OBJC_ARC = YES;
				CLANG_ENABLE_OBJC_WEAK = YES;
				CLANG_WARN_BLOCK_CAPTURE_AUTORELEASING = YES;
				CLANG_WARN_BOOL_CONVERSION = YES;
				CLANG_WARN_COMMA = YES;
				CLANG_WARN_CONSTANT_CONVERSION = YES;
				CLANG_WARN_DEPRECATED_OBJC_IMPLEMENTATIONS = YES;
				CLANG_WARN_DIRECT_OBJC_ISA_USAGE = YES_ERROR;
				CLANG_WARN_DOCUMENTATION_COMMENTS = YES;
				CLANG_WARN_EMPTY_BODY = YES;
				CLANG_WARN_ENUM_CONVERSION = YES;
				CLANG_WARN_INFINITE_RECURSION = YES;
				CLANG_WARN_INT_CONVERSION = YES;
				CLANG_WARN_NON_LITERAL_NULL_CONVERSION = YES;
				CLANG_WARN_OBJC_IMPLICIT_RETAIN_SELF = YES;
				CLANG_WARN_OBJC_LITERAL_CONVERSION = YES;
				CLANG_WARN_OBJC_ROOT_CLASS = YES_ERROR;
				CLANG_WARN_RANGE_LOOP_ANALYSIS = YES;
				CLANG_WARN_STRICT_PROTOTYPES = YES;
				CLANG_WARN_SUSPICIOUS_MOVE = YES;
				CLANG_WARN_UNGUARDED_AVAILABILITY = YES_AGGRESSIVE;
				CLANG_WARN_UNREACHABLE_CODE = YES;
				CLANG_WARN__DUPLICATE_METHOD_MATCH = YES;
				COPY_PHASE_STRIP = NO;
				DEBUG_INFORMATION_FORMAT = dwarf;
				ENABLE_STRICT_OBJC_MSGSEND = YES;
				ENABLE_TESTABILITY = YES;
				GCC_C_LANGUAGE_STANDARD = gnu11;
				GCC_DYNAMIC_NO_PIC = NO;
				GCC_NO_COMMON_BLOCKS = YES;
				GCC_OPTIMIZATION_LEVEL = 0;
				GCC_PREPROCESSOR_DEFINITIONS = (
					"DEBUG=1",
					"$(inherited)",
				);
				GCC_WARN_64_TO_32_BIT_CONVERSION = YES;
				GCC_WARN_ABOUT_RETURN_TYPE = YES_ERROR;
				GCC_WARN_UNDECLARED_SELECTOR = YES;
				GCC_WARN_UNINITIALIZED_AUTOS = YES_AGGRESSIVE;
				GCC_WARN_UNUSED_FUNCTION = YES;
				GCC_WARN_UNUSED_VARIABLE = YES;
				IPHONEOS_DEPLOYMENT_TARGET = 13.0;
				MTL_ENABLE_DEBUG_INFO = INCLUDE_SOURCE;
				MTL_FAST_MATH = YES;
				ONLY_ACTIVE_ARCH = YES;
				SDKROOT = iphoneos;
				SWIFT_ACTIVE_COMPILATION_CONDITIONS = DEBUG;
				SWIFT_OPTIMIZATION_LEVEL = "-Onone";
			};
			name = Debug;
		};
		59A1158F22B2C84B00D66517 /* Release */ = {
			isa = XCBuildConfiguration;
			buildSettings = {
				ALWAYS_SEARCH_USER_PATHS = NO;
				CLANG_ANALYZER_NONNULL = YES;
				CLANG_ANALYZER_NUMBER_OBJECT_CONVERSION = YES_AGGRESSIVE;
				CLANG_CXX_LANGUAGE_STANDARD = "gnu++14";
				CLANG_CXX_LIBRARY = "libc++";
				CLANG_ENABLE_MODULES = YES;
				CLANG_ENABLE_OBJC_ARC = YES;
				CLANG_ENABLE_OBJC_WEAK = YES;
				CLANG_WARN_BLOCK_CAPTURE_AUTORELEASING = YES;
				CLANG_WARN_BOOL_CONVERSION = YES;
				CLANG_WARN_COMMA = YES;
				CLANG_WARN_CONSTANT_CONVERSION = YES;
				CLANG_WARN_DEPRECATED_OBJC_IMPLEMENTATIONS = YES;
				CLANG_WARN_DIRECT_OBJC_ISA_USAGE = YES_ERROR;
				CLANG_WARN_DOCUMENTATION_COMMENTS = YES;
				CLANG_WARN_EMPTY_BODY = YES;
				CLANG_WARN_ENUM_CONVERSION = YES;
				CLANG_WARN_INFINITE_RECURSION = YES;
				CLANG_WARN_INT_CONVERSION = YES;
				CLANG_WARN_NON_LITERAL_NULL_CONVERSION = YES;
				CLANG_WARN_OBJC_IMPLICIT_RETAIN_SELF = YES;
				CLANG_WARN_OBJC_LITERAL_CONVERSION = YES;
				CLANG_WARN_OBJC_ROOT_CLASS = YES_ERROR;
				CLANG_WARN_RANGE_LOOP_ANALYSIS = YES;
				CLANG_WARN_STRICT_PROTOTYPES = YES;
				CLANG_WARN_SUSPICIOUS_MOVE = YES;
				CLANG_WARN_UNGUARDED_AVAILABILITY = YES_AGGRESSIVE;
				CLANG_WARN_UNREACHABLE_CODE = YES;
				CLANG_WARN__DUPLICATE_METHOD_MATCH = YES;
				COPY_PHASE_STRIP = NO;
				DEBUG_INFORMATION_FORMAT = "dwarf-with-dsym";
				ENABLE_NS_ASSERTIONS = NO;
				ENABLE_STRICT_OBJC_MSGSEND = YES;
				GCC_C_LANGUAGE_STANDARD = gnu11;
				GCC_NO_COMMON_BLOCKS = YES;
				GCC_WARN_64_TO_32_BIT_CONVERSION = YES;
				GCC_WARN_ABOUT_RETURN_TYPE = YES_ERROR;
				GCC_WARN_UNDECLARED_SELECTOR = YES;
				GCC_WARN_UNINITIALIZED_AUTOS = YES_AGGRESSIVE;
				GCC_WARN_UNUSED_FUNCTION = YES;
				GCC_WARN_UNUSED_VARIABLE = YES;
				IPHONEOS_DEPLOYMENT_TARGET = 13.0;
				MTL_ENABLE_DEBUG_INFO = NO;
				MTL_FAST_MATH = YES;
				SDKROOT = iphoneos;
				SWIFT_COMPILATION_MODE = wholemodule;
				SWIFT_OPTIMIZATION_LEVEL = "-O";
				VALIDATE_PRODUCT = YES;
			};
			name = Release;
		};
		59A1159122B2C84B00D66517 /* Debug */ = {
			isa = XCBuildConfiguration;
			buildSettings = {
				ASSETCATALOG_COMPILER_APPICON_NAME = AppIcon;
				CODE_SIGN_STYLE = Automatic;
				DEVELOPMENT_ASSET_PATHS = "MovieDB/Preview\\ Content";
				DEVELOPMENT_TEAM = UX98G93BGR;
				ENABLE_PREVIEWS = YES;
				INFOPLIST_FILE = MovieDB/Info.plist;
				LD_RUNPATH_SEARCH_PATHS = (
					"$(inherited)",
					"@executable_path/Frameworks",
				);
				PRODUCT_BUNDLE_IDENTIFIER = com.jvarela.MovieDB;
				PRODUCT_NAME = "$(TARGET_NAME)";
				SWIFT_VERSION = 5.0;
				TARGETED_DEVICE_FAMILY = "1,2";
			};
			name = Debug;
		};
		59A1159222B2C84B00D66517 /* Release */ = {
			isa = XCBuildConfiguration;
			buildSettings = {
				ASSETCATALOG_COMPILER_APPICON_NAME = AppIcon;
				CODE_SIGN_STYLE = Automatic;
				DEVELOPMENT_ASSET_PATHS = "MovieDB/Preview\\ Content";
				DEVELOPMENT_TEAM = UX98G93BGR;
				ENABLE_PREVIEWS = YES;
				INFOPLIST_FILE = MovieDB/Info.plist;
				LD_RUNPATH_SEARCH_PATHS = (
					"$(inherited)",
					"@executable_path/Frameworks",
				);
				PRODUCT_BUNDLE_IDENTIFIER = com.jvarela.MovieDB;
				PRODUCT_NAME = "$(TARGET_NAME)";
				SWIFT_VERSION = 5.0;
				TARGETED_DEVICE_FAMILY = "1,2";
			};
			name = Release;
		};
/* End XCBuildConfiguration section */

/* Begin XCConfigurationList section */
		59A1157722B2C84700D66517 /* Build configuration list for PBXProject "MovieDB" */ = {
			isa = XCConfigurationList;
			buildConfigurations = (
				59A1158E22B2C84B00D66517 /* Debug */,
				59A1158F22B2C84B00D66517 /* Release */,
			);
			defaultConfigurationIsVisible = 0;
			defaultConfigurationName = Release;
		};
		59A1159022B2C84B00D66517 /* Build configuration list for PBXNativeTarget "MovieDB" */ = {
			isa = XCConfigurationList;
			buildConfigurations = (
				59A1159122B2C84B00D66517 /* Debug */,
				59A1159222B2C84B00D66517 /* Release */,
			);
			defaultConfigurationIsVisible = 0;
			defaultConfigurationName = Release;
		};
/* End XCConfigurationList section */
	};
	rootObject = 59A1157422B2C84700D66517 /* Project object */;
}
